{
  "name": "sphincs-benchmark",
  "version": "1.0.0",
  "lockfileVersion": 1,
  "requires": true,
  "dependencies": {
    "buffer-to-uint8array": {
      "version": "1.1.0",
      "resolved": "https://registry.npmjs.org/buffer-to-uint8array/-/buffer-to-uint8array-1.1.0.tgz",
      "integrity": "sha1-z29BKHwCL0WNp1LDkcGo1TXsX3I="
    },
    "json-stable-stringify": {
      "version": "1.0.1",
      "resolved": "https://registry.npmjs.org/json-stable-stringify/-/json-stable-stringify-1.0.1.tgz",
      "integrity": "sha1-mnWdOcXy/1A/1TAGRu1EX4jE+a8=",
      "requires": {
        "jsonify": "~0.0.0"
      }
    },
    "jsonify": {
      "version": "0.0.0",
      "resolved": "https://registry.npmjs.org/jsonify/-/jsonify-0.0.0.tgz",
      "integrity": "sha1-LHS27kHZPKUbe1qu6PUDYx0lKnM="
    },
    "nan": {
      "version": "2.10.0",
      "resolved": "https://registry.npmjs.org/nan/-/nan-2.10.0.tgz",
      "integrity": "sha512-bAdJv7fBLhWC+/Bls0Oza+mvTaNQtP+1RyhhhvD95pgUJz6XM5IzgmxOkItJ9tkoCiplvAnXI1tNmmUD/eScyA=="
    },
    "sodium": {
      "version": "2.0.3",
      "resolved": "https://registry.npmjs.org/sodium/-/sodium-2.0.3.tgz",
      "integrity": "sha512-/z1tdOf+tn+MZr6uiKno709w2V5LwqukNWxOWi6NiSBia5E7Fp33f3CUHtCIR2184DEylytXdTZNryQUQwNKkQ==",
      "requires": {
        "nan": "^2.8.0"
      }
    },
    "sphincs": {
      "version": "2.2.1",
      "resolved": "https://registry.npmjs.org/sphincs/-/sphincs-2.2.1.tgz",
      "integrity": "sha512-93x+RfUhqGnv5+5tMTzEB1rQOZBoHlHlYM2j/IbsXxifnGysoLVJ+Ek1ScdMvK3ZQyEuz8rB3XjQkmXsYt+/KQ=="
    }
  }
}
