{
  "name": "sphincs-benchmark",
  "version": "1.0.0",
  "lockfileVersion": 1,
  "requires": true,
  "dependencies": {
    "sphincs": {
      "version": "2.2.1",
      "resolved": "https://registry.npmjs.org/sphincs/-/sphincs-2.2.1.tgz",
      "integrity": "sha512-93x+RfUhqGnv5+5tMTzEB1rQOZBoHlHlYM2j/IbsXxifnGysoLVJ+Ek1ScdMvK3ZQyEuz8rB3XjQkmXsYt+/KQ=="
    }
  }
}
